# This file is automatically @generated by Cargo.
# It is not intended for manual editing.
version = 4

[[package]]
name = "aegisai-actuator"
version = "0.1.0"
dependencies = [
 "aegisai-runtime-contracts",
]

[[package]]
name = "aegisai-classifier"
version = "0.1.0"

[[package]]
name = "aegisai-collector"
version = "0.1.0"
dependencies = [
 "ebpf_probe",
]

[[package]]
name = "aegisai-explain-tune"
version = "0.1.0"
dependencies = [
 "aegisai-metrics",
 "aegisai-policy-engine",
]

[[package]]
name = "aegisai-git-control"
version = "0.1.0"

[[package]]
name = "aegisai-metrics"
version = "0.1.0"

[[package]]
name = "aegisai-policy-engine"
version = "0.1.0"
dependencies = [
 "aegisai-runtime-contracts",
]

[[package]]
name = "aegisai-runtime-contracts"
version = "0.1.0"
dependencies = [
 "aegisai-classifier",
]

[[package]]
name = "aegisai-runtime-daemon"
version = "0.1.0"
dependencies = [
 "aegisai-actuator",
 "ebpf_probe",
 "runtime_orchestrator",
]

[[package]]
name = "ebpf_probe"
version = "0.1.0"

[[package]]
name = "runtime_orchestrator"
version = "0.1.0"
dependencies = [
 "aegisai-actuator",
 "aegisai-classifier",
 "aegisai-collector",
 "aegisai-metrics",
 "aegisai-policy-engine",
 "aegisai-runtime-contracts",
]
